{
  "name": "dotcom-internal-a2-6e7a4d8c6e5e",
  "version": "1.0.0",
  "lockfileVersion": 3,
  "requires": true,
  "packages": {
    "": {
      "name": "dotcom-internal-a2-6e7a4d8c6e5e",
      "version": "1.0.0",
      "license": "ISC",
      "dependencies": {
        "smoothscroll-for-websites": "^1.4.10",
        "swiper": "^9.1.0"
      }
    },
    "node_modules/smoothscroll-for-websites": {
      "version": "1.4.10",
      "resolved": "https://registry.npmjs.org/smoothscroll-for-websites/-/smoothscroll-for-websites-1.4.10.tgz",
      "integrity": "sha512-4/4RdF+wbXD2RqylKpzaU2CO+cngt/rCE81FP5Hc0jFbTma0mouCwMBvfMDHXQXFJsVS0FOMSNfPQdlAu8HkcQ=="
    },
    "node_modules/ssr-window": {
      "version": "4.0.2",
      "resolved": "https://registry.npmjs.org/ssr-window/-/ssr-window-4.0.2.tgz",
      "integrity": "sha512-ISv/Ch+ig7SOtw7G2+qkwfVASzazUnvlDTwypdLoPoySv+6MqlOV10VwPSE6EWkGjhW50lUmghPmpYZXMu/+AQ=="
    },
    "node_modules/swiper": {
      "version": "9.1.0",
      "resolved": "https://registry.npmjs.org/swiper/-/swiper-9.1.0.tgz",
      "integrity": "sha512-Ck8CywwfUghkbUAHbxTAWyeUAcNrIDNJ6EnKFBGGcHDjeqbh0Jq08RbmD5fMu1a0oOv1eIkUGVkqNJy/asm+yA==",
      "funding": [
        {
          "type": "patreon",
          "url": "https://www.patreon.com/swiperjs"
        },
        {
          "type": "open_collective",
          "url": "http://opencollective.com/swiper"
        }
      ],
      "dependencies": {
        "ssr-window": "^4.0.2"
      },
      "engines": {
        "node": ">= 4.7.0"
      }
    }
  }
}
